# This file is automatically @generated by Cargo.
# It is not intended for manual editing.
version = 3

[[package]]
name = "api"
version = "0.1.0"

[[package]]
name = "components"
version = "0.1.0"

[[package]]
name = "databases_docker"
version = "0.1.0"

[[package]]
name = "databases_lambda"
version = "0.1.0"

[[package]]
name = "servers_docker"
version = "0.1.0"

[[package]]
name = "servers_lambda"
version = "0.1.0"

[[package]]
name = "ui"
version = "0.1.0"
